
Microsoft Visual Studio Solution File, Format Version 12.00
# Visual Studio Version 17
VisualStudioVersion = 17.5.2.0
MinimumVisualStudioVersion = 10.0.40219.1
Project("{FAE04EC0-301F-11D3-BF4B-00C04F79EFBC}") = "Эрдыниев А", "Эрдыниев А.csproj", "{77121031-839A-56A6-F7E6-FFF3784756FE}"
EndProject
Global
	GlobalSection(SolutionConfigurationPlatforms) = preSolution
		Debug|Any CPU = Debug|Any CPU
		Release|Any CPU = Release|Any CPU
	EndGlobalSection
	GlobalSection(ProjectConfigurationPlatforms) = postSolution
		{77121031-839A-56A6-F7E6-FFF3784756FE}.Debug|Any CPU.ActiveCfg = Debug|Any CPU
		{77121031-839A-56A6-F7E6-FFF3784756FE}.Debug|Any CPU.Build.0 = Debug|Any CPU
		{77121031-839A-56A6-F7E6-FFF3784756FE}.Release|Any CPU.ActiveCfg = Release|Any CPU
		{77121031-839A-56A6-F7E6-FFF3784756FE}.Release|Any CPU.Build.0 = Release|Any CPU
	EndGlobalSection
	GlobalSection(SolutionProperties) = preSolution
		HideSolutionNode = FALSE
	EndGlobalSection
	GlobalSection(ExtensibilityGlobals) = postSolution
		SolutionGuid = {7BE31AC8-EA00-4994-ADD2-58070679508B}
	EndGlobalSection
EndGlobal
